
Microsoft Visual Studio Solution File, Format Version 12.00
# Visual Studio 15
VisualStudioVersion = 15.0.28307.1145
MinimumVisualStudioVersion = 10.0.40219.1
Project("{FAE04EC0-301F-11D3-BF4B-00C04F79EFBC}") = "AttendanceManagement", "AttendanceManagement\AttendanceManagement.csproj", "{829D52B9-6BFB-4973-9A35-6CA8BE5C3AF1}"
EndProject
Project("{FAE04EC0-301F-11D3-BF4B-00C04F79EFBC}") = "DAL", "DAL\DAL.csproj", "{39F50776-AFD6-4C4A-83D8-102D879DD54E}"
EndProject
Global
	GlobalSection(SolutionConfigurationPlatforms) = preSolution
		Debug|Any CPU = Debug|Any CPU
		Release|Any CPU = Release|Any CPU
	EndGlobalSection
	GlobalSection(ProjectConfigurationPlatforms) = postSolution
		{829D52B9-6BFB-4973-9A35-6CA8BE5C3AF1}.Debug|Any CPU.ActiveCfg = Debug|Any CPU
		{829D52B9-6BFB-4973-9A35-6CA8BE5C3AF1}.Debug|Any CPU.Build.0 = Debug|Any CPU
		{829D52B9-6BFB-4973-9A35-6CA8BE5C3AF1}.Release|Any CPU.ActiveCfg = Release|Any CPU
		{829D52B9-6BFB-4973-9A35-6CA8BE5C3AF1}.Release|Any CPU.Build.0 = Release|Any CPU
		{39F50776-AFD6-4C4A-83D8-102D879DD54E}.Debug|Any CPU.ActiveCfg = Debug|Any CPU
		{39F50776-AFD6-4C4A-83D8-102D879DD54E}.Debug|Any CPU.Build.0 = Debug|Any CPU
		{39F50776-AFD6-4C4A-83D8-102D879DD54E}.Release|Any CPU.ActiveCfg = Release|Any CPU
		{39F50776-AFD6-4C4A-83D8-102D879DD54E}.Release|Any CPU.Build.0 = Release|Any CPU
	EndGlobalSection
	GlobalSection(SolutionProperties) = preSolution
		HideSolutionNode = FALSE
	EndGlobalSection
	GlobalSection(ExtensibilityGlobals) = postSolution
		SolutionGuid = {DF2F570D-D2F8-41D9-9A69-7D58EF6F6488}
	EndGlobalSection
EndGlobal
